
Microsoft Visual Studio Solution File, Format Version 12.00
# Visual Studio Version 16
VisualStudioVersion = 16.0.31205.134
MinimumVisualStudioVersion = 10.0.40219.1
Project("{2150E333-8FDC-42A3-9474-1A3956D46DE8}") = "src", "src", "{5DA06FA7-DDE3-4CC1-996A-61B01FB17AE7}"
EndProject
Project("{FAE04EC0-301F-11D3-BF4B-00C04F79EFBC}") = "Arafa.Core", "Arafa.Core\Arafa.Core.csproj", "{93A17B84-6B7D-4759-86EE-6F678FB8F580}"
EndProject
Global
	GlobalSection(SolutionConfigurationPlatforms) = preSolution
		Debug|Any CPU = Debug|Any CPU
		Release|Any CPU = Release|Any CPU
	EndGlobalSection
	GlobalSection(ProjectConfigurationPlatforms) = postSolution
		{93A17B84-6B7D-4759-86EE-6F678FB8F580}.Debug|Any CPU.ActiveCfg = Debug|Any CPU
		{93A17B84-6B7D-4759-86EE-6F678FB8F580}.Debug|Any CPU.Build.0 = Debug|Any CPU
		{93A17B84-6B7D-4759-86EE-6F678FB8F580}.Release|Any CPU.ActiveCfg = Release|Any CPU
		{93A17B84-6B7D-4759-86EE-6F678FB8F580}.Release|Any CPU.Build.0 = Release|Any CPU
	EndGlobalSection
	GlobalSection(SolutionProperties) = preSolution
		HideSolutionNode = FALSE
	EndGlobalSection
	GlobalSection(NestedProjects) = preSolution
		{93A17B84-6B7D-4759-86EE-6F678FB8F580} = {5DA06FA7-DDE3-4CC1-996A-61B01FB17AE7}
	EndGlobalSection
	GlobalSection(ExtensibilityGlobals) = postSolution
		SolutionGuid = {CF63DC5E-F533-4D1A-A30E-FCE3DEB8D18C}
	EndGlobalSection
EndGlobal
